// !$*UTF8*$!
{
	archiveVersion = 1;
	classes = {
	};
	objectVersion = 55;
	objects = {

/* Begin PBXBuildFile section */
		777F33D9279BBF0B00D5CF79 /* GDI_ffmpeg_ios.framework in Frameworks */ = {isa = PBXBuildFile; fileRef = 777F33CF279BBF0A00D5CF79 /* GDI_ffmpeg_ios.framework */; };
		777F33DE279BBF0B00D5CF79 /* GDI_ffmpeg_iosTests.swift in Sources */ = {isa = PBXBuildFile; fileRef = 777F33DD279BBF0B00D5CF79 /* GDI_ffmpeg_iosTests.swift */; };
		777F33DF279BBF0B00D5CF79 /* GDI_ffmpeg_ios.h in Headers */ = {isa = PBXBuildFile; fileRef = 777F33D1279BBF0A00D5CF79 /* GDI_ffmpeg_ios.h */; settings = {ATTRIBUTES = (Public, ); }; };
		777F33F5279BBF2C00D5CF79 /* GDI_ffmpeg_macos.framework in Frameworks */ = {isa = PBXBuildFile; fileRef = 777F33EB279BBF2C00D5CF79 /* GDI_ffmpeg_macos.framework */; };
		777F33FA279BBF2C00D5CF79 /* GDI_ffmpeg_macosTests.swift in Sources */ = {isa = PBXBuildFile; fileRef = 777F33F9279BBF2C00D5CF79 /* GDI_ffmpeg_macosTests.swift */; };
		777F33FB279BBF2C00D5CF79 /* GDI_ffmpeg_macos.h in Headers */ = {isa = PBXBuildFile; fileRef = 777F33ED279BBF2C00D5CF79 /* GDI_ffmpeg_macos.h */; settings = {ATTRIBUTES = (Public, ); }; };
		777F3427279BC09D00D5CF79 /* libbz2.tbd in Frameworks */ = {isa = PBXBuildFile; fileRef = 777F3426279BC08000D5CF79 /* libbz2.tbd */; };
		777F3429279BC0B700D5CF79 /* libc++.tbd in Frameworks */ = {isa = PBXBuildFile; fileRef = 777F3428279BC0AB00D5CF79 /* libc++.tbd */; };
		777F342B279BC0CA00D5CF79 /* libiconv.tbd in Frameworks */ = {isa = PBXBuildFile; fileRef = 777F342A279BC0C000D5CF79 /* libiconv.tbd */; };
		777F3432279BC15D00D5CF79 /* libbz2.tbd in Frameworks */ = {isa = PBXBuildFile; fileRef = 777F3426279BC08000D5CF79 /* libbz2.tbd */; };
		777F3433279BC16600D5CF79 /* libc++.tbd in Frameworks */ = {isa = PBXBuildFile; fileRef = 777F3428279BC0AB00D5CF79 /* libc++.tbd */; };
		777F3434279BC16F00D5CF79 /* libiconv.tbd in Frameworks */ = {isa = PBXBuildFile; fileRef = 777F342A279BC0C000D5CF79 /* libiconv.tbd */; };
		777F3436279BC17B00D5CF79 /* libz.tbd in Frameworks */ = {isa = PBXBuildFile; fileRef = 777F3435279BC17400D5CF79 /* libz.tbd */; };
		777F3437279BC18500D5CF79 /* libz.tbd in Frameworks */ = {isa = PBXBuildFile; fileRef = 777F3435279BC17400D5CF79 /* libz.tbd */; };
		777F343A279BC28100D5CF79 /* FFMpeg.swift in Sources */ = {isa = PBXBuildFile; fileRef = 777F3439279BC28100D5CF79 /* FFMpeg.swift */; };
		777F343B279BC28100D5CF79 /* FFMpeg.swift in Sources */ = {isa = PBXBuildFile; fileRef = 777F3439279BC28100D5CF79 /* FFMpeg.swift */; };
		777F3461279BCD0B00D5CF79 /* ffmpegkit.xcframework in Frameworks */ = {isa = PBXBuildFile; fileRef = 777F3456279BCCCD00D5CF79 /* ffmpegkit.xcframework */; };
		777F3462279BCD0B00D5CF79 /* ffmpegkit.xcframework in Embed Frameworks */ = {isa = PBXBuildFile; fileRef = 777F3456279BCCCD00D5CF79 /* ffmpegkit.xcframework */; settings = {ATTRIBUTES = (CodeSignOnCopy, RemoveHeadersOnCopy, ); }; };
		777F3463279BCD0B00D5CF79 /* libavcodec.xcframework in Frameworks */ = {isa = PBXBuildFile; fileRef = 777F3457279BCCCD00D5CF79 /* libavcodec.xcframework */; };
		777F3464279BCD0B00D5CF79 /* libavcodec.xcframework in Embed Frameworks */ = {isa = PBXBuildFile; fileRef = 777F3457279BCCCD00D5CF79 /* libavcodec.xcframework */; settings = {ATTRIBUTES = (CodeSignOnCopy, RemoveHeadersOnCopy, ); }; };
		777F3465279BCD0B00D5CF79 /* libavdevice.xcframework in Frameworks */ = {isa = PBXBuildFile; fileRef = 777F3458279BCCCD00D5CF79 /* libavdevice.xcframework */; };
		777F3466279BCD0B00D5CF79 /* libavdevice.xcframework in Embed Frameworks */ = {isa = PBXBuildFile; fileRef = 777F3458279BCCCD00D5CF79 /* libavdevice.xcframework */; settings = {ATTRIBUTES = (CodeSignOnCopy, RemoveHeadersOnCopy, ); }; };
		777F3467279BCD0B00D5CF79 /* libavfilter.xcframework in Frameworks */ = {isa = PBXBuildFile; fileRef = 777F3453279BCCCD00D5CF79 /* libavfilter.xcframework */; };
		777F3468279BCD0B00D5CF79 /* libavfilter.xcframework in Embed Frameworks */ = {isa = PBXBuildFile; fileRef = 777F3453279BCCCD00D5CF79 /* libavfilter.xcframework */; settings = {ATTRIBUTES = (CodeSignOnCopy, RemoveHeadersOnCopy, ); }; };
		777F3469279BCD0B00D5CF79 /* libavformat.xcframework in Frameworks */ = {isa = PBXBuildFile; fileRef = 777F3454279BCCCD00D5CF79 /* libavformat.xcframework */; };
		777F346A279BCD0B00D5CF79 /* libavformat.xcframework in Embed Frameworks */ = {isa = PBXBuildFile; fileRef = 777F3454279BCCCD00D5CF79 /* libavformat.xcframework */; settings = {ATTRIBUTES = (CodeSignOnCopy, RemoveHeadersOnCopy, ); }; };
		777F346B279BCD0B00D5CF79 /* libavutil.xcframework in Frameworks */ = {isa = PBXBuildFile; fileRef = 777F3452279BCCCD00D5CF79 /* libavutil.xcframework */; };
		777F346C279BCD0B00D5CF79 /* libavutil.xcframework in Embed Frameworks */ = {isa = PBXBuildFile; fileRef = 777F3452279BCCCD00D5CF79 /* libavutil.xcframework */; settings = {ATTRIBUTES = (CodeSignOnCopy, RemoveHeadersOnCopy, ); }; };
		777F346E279BCD0F00D5CF79 /* libswresample.xcframework in Frameworks */ = {isa = PBXBuildFile; fileRef = 777F3455279BCCCD00D5CF79 /* libswresample.xcframework */; };
		777F346F279BCD0F00D5CF79 /* libswresample.xcframework in Embed Frameworks */ = {isa = PBXBuildFile; fileRef = 777F3455279BCCCD00D5CF79 /* libswresample.xcframework */; settings = {ATTRIBUTES = (CodeSignOnCopy, RemoveHeadersOnCopy, ); }; };
		777F3470279BCD1200D5CF79 /* libswscale.xcframework in Frameworks */ = {isa = PBXBuildFile; fileRef = 777F3451279BCCCD00D5CF79 /* libswscale.xcframework */; };
		777F3471279BCD1200D5CF79 /* libswscale.xcframework in Embed Frameworks */ = {isa = PBXBuildFile; fileRef = 777F3451279BCCCD00D5CF79 /* libswscale.xcframework */; settings = {ATTRIBUTES = (CodeSignOnCopy, RemoveHeadersOnCopy, ); }; };
		777F3472279BCD2300D5CF79 /* ffmpegkit.xcframework in Frameworks */ = {isa = PBXBuildFile; fileRef = 777F3446279BCCBB00D5CF79 /* ffmpegkit.xcframework */; };
		777F3473279BCD2300D5CF79 /* ffmpegkit.xcframework in Embed Frameworks */ = {isa = PBXBuildFile; fileRef = 777F3446279BCCBB00D5CF79 /* ffmpegkit.xcframework */; settings = {ATTRIBUTES = (CodeSignOnCopy, RemoveHeadersOnCopy, ); }; };
		777F3474279BCD2300D5CF79 /* libavcodec.xcframework in Frameworks */ = {isa = PBXBuildFile; fileRef = 777F3447279BCCBB00D5CF79 /* libavcodec.xcframework */; };
		777F3475279BCD2300D5CF79 /* libavcodec.xcframework in Embed Frameworks */ = {isa = PBXBuildFile; fileRef = 777F3447279BCCBB00D5CF79 /* libavcodec.xcframework */; settings = {ATTRIBUTES = (CodeSignOnCopy, RemoveHeadersOnCopy, ); }; };
		777F3476279BCD2300D5CF79 /* libavdevice.xcframework in Frameworks */ = {isa = PBXBuildFile; fileRef = 777F3444279BCCBB00D5CF79 /* libavdevice.xcframework */; };
		777F3477279BCD2300D5CF79 /* libavdevice.xcframework in Embed Frameworks */ = {isa = PBXBuildFile; fileRef = 777F3444279BCCBB00D5CF79 /* libavdevice.xcframework */; settings = {ATTRIBUTES = (CodeSignOnCopy, RemoveHeadersOnCopy, ); }; };
		777F3478279BCD2300D5CF79 /* libavfilter.xcframework in Frameworks */ = {isa = PBXBuildFile; fileRef = 777F3443279BCCBB00D5CF79 /* libavfilter.xcframework */; };
		777F3479279BCD2300D5CF79 /* libavfilter.xcframework in Embed Frameworks */ = {isa = PBXBuildFile; fileRef = 777F3443279BCCBB00D5CF79 /* libavfilter.xcframework */; settings = {ATTRIBUTES = (CodeSignOnCopy, RemoveHeadersOnCopy, ); }; };
		777F347A279BCD2300D5CF79 /* libavformat.xcframework in Frameworks */ = {isa = PBXBuildFile; fileRef = 777F3445279BCCBB00D5CF79 /* libavformat.xcframework */; };
		777F347B279BCD2300D5CF79 /* libavformat.xcframework in Embed Frameworks */ = {isa = PBXBuildFile; fileRef = 777F3445279BCCBB00D5CF79 /* libavformat.xcframework */; settings = {ATTRIBUTES = (CodeSignOnCopy, RemoveHeadersOnCopy, ); }; };
		777F347C279BCD2400D5CF79 /* libavutil.xcframework in Frameworks */ = {isa = PBXBuildFile; fileRef = 777F3442279BCCBB00D5CF79 /* libavutil.xcframework */; };
		777F347D279BCD2400D5CF79 /* libavutil.xcframework in Embed Frameworks */ = {isa = PBXBuildFile; fileRef = 777F3442279BCCBB00D5CF79 /* libavutil.xcframework */; settings = {ATTRIBUTES = (CodeSignOnCopy, RemoveHeadersOnCopy, ); }; };
		777F347F279BCD2F00D5CF79 /* libswresample.xcframework in Frameworks */ = {isa = PBXBuildFile; fileRef = 777F3448279BCCBB00D5CF79 /* libswresample.xcframework */; };
		777F3480279BCD2F00D5CF79 /* libswresample.xcframework in Embed Frameworks */ = {isa = PBXBuildFile; fileRef = 777F3448279BCCBB00D5CF79 /* libswresample.xcframework */; settings = {ATTRIBUTES = (CodeSignOnCopy, RemoveHeadersOnCopy, ); }; };
		777F3481279BCD2F00D5CF79 /* libswscale.xcframework in Frameworks */ = {isa = PBXBuildFile; fileRef = 777F3441279BCCBB00D5CF79 /* libswscale.xcframework */; };
		777F3482279BCD2F00D5CF79 /* libswscale.xcframework in Embed Frameworks */ = {isa = PBXBuildFile; fileRef = 777F3441279BCCBB00D5CF79 /* libswscale.xcframework */; settings = {ATTRIBUTES = (CodeSignOnCopy, RemoveHeadersOnCopy, ); }; };
		777F3485279BD6B100D5CF79 /* FFProbe.swift in Sources */ = {isa = PBXBuildFile; fileRef = 777F3484279BD6B100D5CF79 /* FFProbe.swift */; };
		777F3486279BD6B100D5CF79 /* FFProbe.swift in Sources */ = {isa = PBXBuildFile; fileRef = 777F3484279BD6B100D5CF79 /* FFProbe.swift */; };
/* End PBXBuildFile section */

/* Begin PBXContainerItemProxy section */
		777F33DA279BBF0B00D5CF79 /* PBXContainerItemProxy */ = {
			isa = PBXContainerItemProxy;
			containerPortal = 777F33A7279BBEDC00D5CF79 /* Project object */;
			proxyType = 1;
			remoteGlobalIDString = 777F33CE279BBF0A00D5CF79;
			remoteInfo = "GDI-ffmpeg-ios";
		};
		777F33F6279BBF2C00D5CF79 /* PBXContainerItemProxy */ = {
			isa = PBXContainerItemProxy;
			containerPortal = 777F33A7279BBEDC00D5CF79 /* Project object */;
			proxyType = 1;
			remoteGlobalIDString = 777F33EA279BBF2C00D5CF79;
			remoteInfo = "GDI-ffmpeg-macos";
		};
/* End PBXContainerItemProxy section */

/* Begin PBXCopyFilesBuildPhase section */
		777F346D279BCD0B00D5CF79 /* Embed Frameworks */ = {
			isa = PBXCopyFilesBuildPhase;
			buildActionMask = 2147483647;
			dstPath = "";
			dstSubfolderSpec = 10;
			files = (
				777F3462279BCD0B00D5CF79 /* ffmpegkit.xcframework in Embed Frameworks */,
				777F3466279BCD0B00D5CF79 /* libavdevice.xcframework in Embed Frameworks */,
				777F3468279BCD0B00D5CF79 /* libavfilter.xcframework in Embed Frameworks */,
				777F3464279BCD0B00D5CF79 /* libavcodec.xcframework in Embed Frameworks */,
				777F346C279BCD0B00D5CF79 /* libavutil.xcframework in Embed Frameworks */,
				777F346A279BCD0B00D5CF79 /* libavformat.xcframework in Embed Frameworks */,
				777F3471279BCD1200D5CF79 /* libswscale.xcframework in Embed Frameworks */,
				777F346F279BCD0F00D5CF79 /* libswresample.xcframework in Embed Frameworks */,
			);
			name = "Embed Frameworks";
			runOnlyForDeploymentPostprocessing = 0;
		};
		777F347E279BCD2400D5CF79 /* Embed Frameworks */ = {
			isa = PBXCopyFilesBuildPhase;
			buildActionMask = 2147483647;
			dstPath = "";
			dstSubfolderSpec = 10;
			files = (
				777F3473279BCD2300D5CF79 /* ffmpegkit.xcframework in Embed Frameworks */,
				777F3477279BCD2300D5CF79 /* libavdevice.xcframework in Embed Frameworks */,
				777F3479279BCD2300D5CF79 /* libavfilter.xcframework in Embed Frameworks */,
				777F3475279BCD2300D5CF79 /* libavcodec.xcframework in Embed Frameworks */,
				777F347D279BCD2400D5CF79 /* libavutil.xcframework in Embed Frameworks */,
				777F347B279BCD2300D5CF79 /* libavformat.xcframework in Embed Frameworks */,
				777F3482279BCD2F00D5CF79 /* libswscale.xcframework in Embed Frameworks */,
				777F3480279BCD2F00D5CF79 /* libswresample.xcframework in Embed Frameworks */,
			);
			name = "Embed Frameworks";
			runOnlyForDeploymentPostprocessing = 0;
		};
/* End PBXCopyFilesBuildPhase section */

/* Begin PBXFileReference section */
		777F33CF279BBF0A00D5CF79 /* GDI_ffmpeg_ios.framework */ = {isa = PBXFileReference; explicitFileType = wrapper.framework; includeInIndex = 0; path = GDI_ffmpeg_ios.framework; sourceTree = BUILT_PRODUCTS_DIR; };
		777F33D1279BBF0A00D5CF79 /* GDI_ffmpeg_ios.h */ = {isa = PBXFileReference; lastKnownFileType = sourcecode.c.h; path = GDI_ffmpeg_ios.h; sourceTree = "<group>"; };
		777F33D8279BBF0B00D5CF79 /* GDI-ffmpeg-iosTests.xctest */ = {isa = PBXFileReference; explicitFileType = wrapper.cfbundle; includeInIndex = 0; path = "GDI-ffmpeg-iosTests.xctest"; sourceTree = BUILT_PRODUCTS_DIR; };
		777F33DD279BBF0B00D5CF79 /* GDI_ffmpeg_iosTests.swift */ = {isa = PBXFileReference; lastKnownFileType = sourcecode.swift; path = GDI_ffmpeg_iosTests.swift; sourceTree = "<group>"; };
		777F33EB279BBF2C00D5CF79 /* GDI_ffmpeg_macos.framework */ = {isa = PBXFileReference; explicitFileType = wrapper.framework; includeInIndex = 0; path = GDI_ffmpeg_macos.framework; sourceTree = BUILT_PRODUCTS_DIR; };
		777F33ED279BBF2C00D5CF79 /* GDI_ffmpeg_macos.h */ = {isa = PBXFileReference; lastKnownFileType = sourcecode.c.h; path = GDI_ffmpeg_macos.h; sourceTree = "<group>"; };
		777F33F4279BBF2C00D5CF79 /* GDI-ffmpeg-macosTests.xctest */ = {isa = PBXFileReference; explicitFileType = wrapper.cfbundle; includeInIndex = 0; path = "GDI-ffmpeg-macosTests.xctest"; sourceTree = BUILT_PRODUCTS_DIR; };
		777F33F9279BBF2C00D5CF79 /* GDI_ffmpeg_macosTests.swift */ = {isa = PBXFileReference; lastKnownFileType = sourcecode.swift; path = GDI_ffmpeg_macosTests.swift; sourceTree = "<group>"; };
		777F3426279BC08000D5CF79 /* libbz2.tbd */ = {isa = PBXFileReference; lastKnownFileType = "sourcecode.text-based-dylib-definition"; name = libbz2.tbd; path = Platforms/MacOSX.platform/Developer/SDKs/MacOSX12.1.sdk/usr/lib/libbz2.tbd; sourceTree = DEVELOPER_DIR; };
		777F3428279BC0AB00D5CF79 /* libc++.tbd */ = {isa = PBXFileReference; lastKnownFileType = "sourcecode.text-based-dylib-definition"; name = "libc++.tbd"; path = "Platforms/MacOSX.platform/Developer/SDKs/MacOSX12.1.sdk/usr/lib/libc++.tbd"; sourceTree = DEVELOPER_DIR; };
		777F342A279BC0C000D5CF79 /* libiconv.tbd */ = {isa = PBXFileReference; lastKnownFileType = "sourcecode.text-based-dylib-definition"; name = libiconv.tbd; path = Platforms/MacOSX.platform/Developer/SDKs/MacOSX12.1.sdk/usr/lib/libiconv.tbd; sourceTree = DEVELOPER_DIR; };
		777F3435279BC17400D5CF79 /* libz.tbd */ = {isa = PBXFileReference; lastKnownFileType = "sourcecode.text-based-dylib-definition"; name = libz.tbd; path = Platforms/MacOSX.platform/Developer/SDKs/MacOSX12.1.sdk/usr/lib/libz.tbd; sourceTree = DEVELOPER_DIR; };
		777F3439279BC28100D5CF79 /* FFMpeg.swift */ = {isa = PBXFileReference; lastKnownFileType = sourcecode.swift; path = FFMpeg.swift; sourceTree = "<group>"; };
		777F3441279BCCBB00D5CF79 /* libswscale.xcframework */ = {isa = PBXFileReference; lastKnownFileType = wrapper.xcframework; path = libswscale.xcframework; sourceTree = "<group>"; };
		777F3442279BCCBB00D5CF79 /* libavutil.xcframework */ = {isa = PBXFileReference; lastKnownFileType = wrapper.xcframework; path = libavutil.xcframework; sourceTree = "<group>"; };
		777F3443279BCCBB00D5CF79 /* libavfilter.xcframework */ = {isa = PBXFileReference; lastKnownFileType = wrapper.xcframework; path = libavfilter.xcframework; sourceTree = "<group>"; };
		777F3444279BCCBB00D5CF79 /* libavdevice.xcframework */ = {isa = PBXFileReference; lastKnownFileType = wrapper.xcframework; path = libavdevice.xcframework; sourceTree = "<group>"; };
		777F3445279BCCBB00D5CF79 /* libavformat.xcframework */ = {isa = PBXFileReference; lastKnownFileType = wrapper.xcframework; path = libavformat.xcframework; sourceTree = "<group>"; };
		777F3446279BCCBB00D5CF79 /* ffmpegkit.xcframework */ = {isa = PBXFileReference; lastKnownFileType = wrapper.xcframework; path = ffmpegkit.xcframework; sourceTree = "<group>"; };
		777F3447279BCCBB00D5CF79 /* libavcodec.xcframework */ = {isa = PBXFileReference; lastKnownFileType = wrapper.xcframework; path = libavcodec.xcframework; sourceTree = "<group>"; };
		777F3448279BCCBB00D5CF79 /* libswresample.xcframework */ = {isa = PBXFileReference; lastKnownFileType = wrapper.xcframework; path = libswresample.xcframework; sourceTree = "<group>"; };
		777F3451279BCCCD00D5CF79 /* libswscale.xcframework */ = {isa = PBXFileReference; lastKnownFileType = wrapper.xcframework; path = libswscale.xcframework; sourceTree = "<group>"; };
		777F3452279BCCCD00D5CF79 /* libavutil.xcframework */ = {isa = PBXFileReference; lastKnownFileType = wrapper.xcframework; path = libavutil.xcframework; sourceTree = "<group>"; };
		777F3453279BCCCD00D5CF79 /* libavfilter.xcframework */ = {isa = PBXFileReference; lastKnownFileType = wrapper.xcframework; path = libavfilter.xcframework; sourceTree = "<group>"; };
		777F3454279BCCCD00D5CF79 /* libavformat.xcframework */ = {isa = PBXFileReference; lastKnownFileType = wrapper.xcframework; path = libavformat.xcframework; sourceTree = "<group>"; };
		777F3455279BCCCD00D5CF79 /* libswresample.xcframework */ = {isa = PBXFileReference; lastKnownFileType = wrapper.xcframework; path = libswresample.xcframework; sourceTree = "<group>"; };
		777F3456279BCCCD00D5CF79 /* ffmpegkit.xcframework */ = {isa = PBXFileReference; lastKnownFileType = wrapper.xcframework; path = ffmpegkit.xcframework; sourceTree = "<group>"; };
		777F3457279BCCCD00D5CF79 /* libavcodec.xcframework */ = {isa = PBXFileReference; lastKnownFileType = wrapper.xcframework; path = libavcodec.xcframework; sourceTree = "<group>"; };
		777F3458279BCCCD00D5CF79 /* libavdevice.xcframework */ = {isa = PBXFileReference; lastKnownFileType = wrapper.xcframework; path = libavdevice.xcframework; sourceTree = "<group>"; };
		777F3484279BD6B100D5CF79 /* FFProbe.swift */ = {isa = PBXFileReference; lastKnownFileType = sourcecode.swift; path = FFProbe.swift; sourceTree = "<group>"; };
/* End PBXFileReference section */

/* Begin PBXFrameworksBuildPhase section */
		777F33CC279BBF0A00D5CF79 /* Frameworks */ = {
			isa = PBXFrameworksBuildPhase;
			buildActionMask = 2147483647;
			files = (
				777F347A279BCD2300D5CF79 /* libavformat.xcframework in Frameworks */,
				777F3474279BCD2300D5CF79 /* libavcodec.xcframework in Frameworks */,
				777F3432279BC15D00D5CF79 /* libbz2.tbd in Frameworks */,
				777F347C279BCD2400D5CF79 /* libavutil.xcframework in Frameworks */,
				777F3476279BCD2300D5CF79 /* libavdevice.xcframework in Frameworks */,
				777F3436279BC17B00D5CF79 /* libz.tbd in Frameworks */,
				777F3472279BCD2300D5CF79 /* ffmpegkit.xcframework in Frameworks */,
				777F3478279BCD2300D5CF79 /* libavfilter.xcframework in Frameworks */,
				777F3433279BC16600D5CF79 /* libc++.tbd in Frameworks */,
				777F347F279BCD2F00D5CF79 /* libswresample.xcframework in Frameworks */,
				777F3481279BCD2F00D5CF79 /* libswscale.xcframework in Frameworks */,
				777F3434279BC16F00D5CF79 /* libiconv.tbd in Frameworks */,
			);
			runOnlyForDeploymentPostprocessing = 0;
		};
		777F33D5279BBF0B00D5CF79 /* Frameworks */ = {
			isa = PBXFrameworksBuildPhase;
			buildActionMask = 2147483647;
			files = (
				777F33D9279BBF0B00D5CF79 /* GDI_ffmpeg_ios.framework in Frameworks */,
			);
			runOnlyForDeploymentPostprocessing = 0;
		};
		777F33E8279BBF2C00D5CF79 /* Frameworks */ = {
			isa = PBXFrameworksBuildPhase;
			buildActionMask = 2147483647;
			files = (
				777F3469279BCD0B00D5CF79 /* libavformat.xcframework in Frameworks */,
				777F3463279BCD0B00D5CF79 /* libavcodec.xcframework in Frameworks */,
				777F346B279BCD0B00D5CF79 /* libavutil.xcframework in Frameworks */,
				777F3465279BCD0B00D5CF79 /* libavdevice.xcframework in Frameworks */,
				777F3461279BCD0B00D5CF79 /* ffmpegkit.xcframework in Frameworks */,
				777F3427279BC09D00D5CF79 /* libbz2.tbd in Frameworks */,
				777F3467279BCD0B00D5CF79 /* libavfilter.xcframework in Frameworks */,
				777F3437279BC18500D5CF79 /* libz.tbd in Frameworks */,
				777F3429279BC0B700D5CF79 /* libc++.tbd in Frameworks */,
				777F346E279BCD0F00D5CF79 /* libswresample.xcframework in Frameworks */,
				777F3470279BCD1200D5CF79 /* libswscale.xcframework in Frameworks */,
				777F342B279BC0CA00D5CF79 /* libiconv.tbd in Frameworks */,
			);
			runOnlyForDeploymentPostprocessing = 0;
		};
		777F33F1279BBF2C00D5CF79 /* Frameworks */ = {
			isa = PBXFrameworksBuildPhase;
			buildActionMask = 2147483647;
			files = (
				777F33F5279BBF2C00D5CF79 /* GDI_ffmpeg_macos.framework in Frameworks */,
			);
			runOnlyForDeploymentPostprocessing = 0;
		};
/* End PBXFrameworksBuildPhase section */

/* Begin PBXGroup section */
		777F33A6279BBEDC00D5CF79 = {
			isa = PBXGroup;
			children = (
				777F3438279BC26300D5CF79 /* GDI-ffmpeg */,
				777F33D0279BBF0A00D5CF79 /* GDI-ffmpeg-ios */,
				777F33DC279BBF0B00D5CF79 /* GDI-ffmpeg-iosTests */,
				777F33EC279BBF2C00D5CF79 /* GDI-ffmpeg-macos */,
				777F33F8279BBF2C00D5CF79 /* GDI-ffmpeg-macosTests */,
				777F33B1279BBEDC00D5CF79 /* Products */,
				777F3425279BC08000D5CF79 /* Frameworks */,
			);
			sourceTree = "<group>";
		};
		777F33B1279BBEDC00D5CF79 /* Products */ = {
			isa = PBXGroup;
			children = (
				777F33CF279BBF0A00D5CF79 /* GDI_ffmpeg_ios.framework */,
				777F33D8279BBF0B00D5CF79 /* GDI-ffmpeg-iosTests.xctest */,
				777F33EB279BBF2C00D5CF79 /* GDI_ffmpeg_macos.framework */,
				777F33F4279BBF2C00D5CF79 /* GDI-ffmpeg-macosTests.xctest */,
			);
			name = Products;
			sourceTree = "<group>";
		};
		777F33D0279BBF0A00D5CF79 /* GDI-ffmpeg-ios */ = {
			isa = PBXGroup;
			children = (
				777F33D1279BBF0A00D5CF79 /* GDI_ffmpeg_ios.h */,
			);
			path = "GDI-ffmpeg-ios";
			sourceTree = "<group>";
		};
		777F33DC279BBF0B00D5CF79 /* GDI-ffmpeg-iosTests */ = {
			isa = PBXGroup;
			children = (
				777F33DD279BBF0B00D5CF79 /* GDI_ffmpeg_iosTests.swift */,
			);
			path = "GDI-ffmpeg-iosTests";
			sourceTree = "<group>";
		};
		777F33EC279BBF2C00D5CF79 /* GDI-ffmpeg-macos */ = {
			isa = PBXGroup;
			children = (
				777F33ED279BBF2C00D5CF79 /* GDI_ffmpeg_macos.h */,
			);
			path = "GDI-ffmpeg-macos";
			sourceTree = "<group>";
		};
		777F33F8279BBF2C00D5CF79 /* GDI-ffmpeg-macosTests */ = {
			isa = PBXGroup;
			children = (
				777F33F9279BBF2C00D5CF79 /* GDI_ffmpeg_macosTests.swift */,
			);
			path = "GDI-ffmpeg-macosTests";
			sourceTree = "<group>";
		};
		777F3402279BBF4200D5CF79 /* ffmpeg-kit */ = {
			isa = PBXGroup;
			children = (
				777F340C279BBF5800D5CF79 /* ios */,
				777F3403279BBF5800D5CF79 /* macos */,
			);
			path = "ffmpeg-kit";
			sourceTree = "<group>";
		};
		777F3403279BBF5800D5CF79 /* macos */ = {
			isa = PBXGroup;
			children = (
				777F3456279BCCCD00D5CF79 /* ffmpegkit.xcframework */,
				777F3457279BCCCD00D5CF79 /* libavcodec.xcframework */,
				777F3458279BCCCD00D5CF79 /* libavdevice.xcframework */,
				777F3453279BCCCD00D5CF79 /* libavfilter.xcframework */,
				777F3454279BCCCD00D5CF79 /* libavformat.xcframework */,
				777F3452279BCCCD00D5CF79 /* libavutil.xcframework */,
				777F3455279BCCCD00D5CF79 /* libswresample.xcframework */,
				777F3451279BCCCD00D5CF79 /* libswscale.xcframework */,
			);
			path = macos;
			sourceTree = "<group>";
		};
		777F340C279BBF5800D5CF79 /* ios */ = {
			isa = PBXGroup;
			children = (
				777F3446279BCCBB00D5CF79 /* ffmpegkit.xcframework */,
				777F3447279BCCBB00D5CF79 /* libavcodec.xcframework */,
				777F3444279BCCBB00D5CF79 /* libavdevice.xcframework */,
				777F3443279BCCBB00D5CF79 /* libavfilter.xcframework */,
				777F3445279BCCBB00D5CF79 /* libavformat.xcframework */,
				777F3442279BCCBB00D5CF79 /* libavutil.xcframework */,
				777F3448279BCCBB00D5CF79 /* libswresample.xcframework */,
				777F3441279BCCBB00D5CF79 /* libswscale.xcframework */,
			);
			path = ios;
			sourceTree = "<group>";
		};
		777F3425279BC08000D5CF79 /* Frameworks */ = {
			isa = PBXGroup;
			children = (
				777F3402279BBF4200D5CF79 /* ffmpeg-kit */,
				777F3435279BC17400D5CF79 /* libz.tbd */,
				777F342A279BC0C000D5CF79 /* libiconv.tbd */,
				777F3428279BC0AB00D5CF79 /* libc++.tbd */,
				777F3426279BC08000D5CF79 /* libbz2.tbd */,
			);
			name = Frameworks;
			sourceTree = "<group>";
		};
		777F3438279BC26300D5CF79 /* GDI-ffmpeg */ = {
			isa = PBXGroup;
			children = (
				777F3439279BC28100D5CF79 /* FFMpeg.swift */,
				777F3484279BD6B100D5CF79 /* FFProbe.swift */,
			);
			path = "GDI-ffmpeg";
			sourceTree = "<group>";
		};
/* End PBXGroup section */

/* Begin PBXHeadersBuildPhase section */
		777F33CA279BBF0A00D5CF79 /* Headers */ = {
			isa = PBXHeadersBuildPhase;
			buildActionMask = 2147483647;
			files = (
				777F33DF279BBF0B00D5CF79 /* GDI_ffmpeg_ios.h in Headers */,
			);
			runOnlyForDeploymentPostprocessing = 0;
		};
		777F33E6279BBF2C00D5CF79 /* Headers */ = {
			isa = PBXHeadersBuildPhase;
			buildActionMask = 2147483647;
			files = (
				777F33FB279BBF2C00D5CF79 /* GDI_ffmpeg_macos.h in Headers */,
			);
			runOnlyForDeploymentPostprocessing = 0;
		};
/* End PBXHeadersBuildPhase section */

/* Begin PBXNativeTarget section */
		777F33CE279BBF0A00D5CF79 /* GDI-ffmpeg-ios */ = {
			isa = PBXNativeTarget;
			buildConfigurationList = 777F33E0279BBF0B00D5CF79 /* Build configuration list for PBXNativeTarget "GDI-ffmpeg-ios" */;
			buildPhases = (
				777F33CA279BBF0A00D5CF79 /* Headers */,
				777F33CB279BBF0A00D5CF79 /* Sources */,
				777F33CC279BBF0A00D5CF79 /* Frameworks */,
				777F347E279BCD2400D5CF79 /* Embed Frameworks */,
				777F33CD279BBF0A00D5CF79 /* Resources */,
				777F3440279BC82500D5CF79 /* ShellScript */,
			);
			buildRules = (
			);
			dependencies = (
			);
			name = "GDI-ffmpeg-ios";
			productName = "GDI-ffmpeg-ios";
			productReference = 777F33CF279BBF0A00D5CF79 /* GDI_ffmpeg_ios.framework */;
			productType = "com.apple.product-type.framework";
		};
		777F33D7279BBF0B00D5CF79 /* GDI-ffmpeg-iosTests */ = {
			isa = PBXNativeTarget;
			buildConfigurationList = 777F33E3279BBF0B00D5CF79 /* Build configuration list for PBXNativeTarget "GDI-ffmpeg-iosTests" */;
			buildPhases = (
				777F33D4279BBF0B00D5CF79 /* Sources */,
				777F33D5279BBF0B00D5CF79 /* Frameworks */,
				777F33D6279BBF0B00D5CF79 /* Resources */,
			);
			buildRules = (
			);
			dependencies = (
				777F33DB279BBF0B00D5CF79 /* PBXTargetDependency */,
			);
			name = "GDI-ffmpeg-iosTests";
			productName = "GDI-ffmpeg-iosTests";
			productReference = 777F33D8279BBF0B00D5CF79 /* GDI-ffmpeg-iosTests.xctest */;
			productType = "com.apple.product-type.bundle.unit-test";
		};
		777F33EA279BBF2C00D5CF79 /* GDI-ffmpeg-macos */ = {
			isa = PBXNativeTarget;
			buildConfigurationList = 777F33FC279BBF2C00D5CF79 /* Build configuration list for PBXNativeTarget "GDI-ffmpeg-macos" */;
			buildPhases = (
				777F33E6279BBF2C00D5CF79 /* Headers */,
				777F33E7279BBF2C00D5CF79 /* Sources */,
				777F33E8279BBF2C00D5CF79 /* Frameworks */,
				777F33E9279BBF2C00D5CF79 /* Resources */,
				777F346D279BCD0B00D5CF79 /* Embed Frameworks */,
				777F3483279BD55000D5CF79 /* ShellScript */,
			);
			buildRules = (
			);
			dependencies = (
			);
			name = "GDI-ffmpeg-macos";
			productName = "GDI-ffmpeg-macos";
			productReference = 777F33EB279BBF2C00D5CF79 /* GDI_ffmpeg_macos.framework */;
			productType = "com.apple.product-type.framework";
		};
		777F33F3279BBF2C00D5CF79 /* GDI-ffmpeg-macosTests */ = {
			isa = PBXNativeTarget;
			buildConfigurationList = 777F33FF279BBF2C00D5CF79 /* Build configuration list for PBXNativeTarget "GDI-ffmpeg-macosTests" */;
			buildPhases = (
				777F33F0279BBF2C00D5CF79 /* Sources */,
				777F33F1279BBF2C00D5CF79 /* Frameworks */,
				777F33F2279BBF2C00D5CF79 /* Resources */,
			);
			buildRules = (
			);
			dependencies = (
				777F33F7279BBF2C00D5CF79 /* PBXTargetDependency */,
			);
			name = "GDI-ffmpeg-macosTests";
			productName = "GDI-ffmpeg-macosTests";
			productReference = 777F33F4279BBF2C00D5CF79 /* GDI-ffmpeg-macosTests.xctest */;
			productType = "com.apple.product-type.bundle.unit-test";
		};
/* End PBXNativeTarget section */

/* Begin PBXProject section */
		777F33A7279BBEDC00D5CF79 /* Project object */ = {
			isa = PBXProject;
			attributes = {
				BuildIndependentTargetsInParallel = 1;
				LastSwiftUpdateCheck = 1320;
				LastUpgradeCheck = 1320;
				TargetAttributes = {
					777F33CE279BBF0A00D5CF79 = {
						CreatedOnToolsVersion = 13.2.1;
					};
					777F33D7279BBF0B00D5CF79 = {
						CreatedOnToolsVersion = 13.2.1;
					};
					777F33EA279BBF2C00D5CF79 = {
						CreatedOnToolsVersion = 13.2.1;
					};
					777F33F3279BBF2C00D5CF79 = {
						CreatedOnToolsVersion = 13.2.1;
					};
				};
			};
			buildConfigurationList = 777F33AA279BBEDC00D5CF79 /* Build configuration list for PBXProject "GDI-ffmpeg" */;
			compatibilityVersion = "Xcode 13.0";
			developmentRegion = en;
			hasScannedForEncodings = 0;
			knownRegions = (
				en,
				Base,
			);
			mainGroup = 777F33A6279BBEDC00D5CF79;
			productRefGroup = 777F33B1279BBEDC00D5CF79 /* Products */;
			projectDirPath = "";
			projectRoot = "";
			targets = (
				777F33CE279BBF0A00D5CF79 /* GDI-ffmpeg-ios */,
				777F33D7279BBF0B00D5CF79 /* GDI-ffmpeg-iosTests */,
				777F33EA279BBF2C00D5CF79 /* GDI-ffmpeg-macos */,
				777F33F3279BBF2C00D5CF79 /* GDI-ffmpeg-macosTests */,
			);
		};
/* End PBXProject section */

/* Begin PBXResourcesBuildPhase section */
		777F33CD279BBF0A00D5CF79 /* Resources */ = {
			isa = PBXResourcesBuildPhase;
			buildActionMask = 2147483647;
			files = (
			);
			runOnlyForDeploymentPostprocessing = 0;
		};
		777F33D6279BBF0B00D5CF79 /* Resources */ = {
			isa = PBXResourcesBuildPhase;
			buildActionMask = 2147483647;
			files = (
			);
			runOnlyForDeploymentPostprocessing = 0;
		};
		777F33E9279BBF2C00D5CF79 /* Resources */ = {
			isa = PBXResourcesBuildPhase;
			buildActionMask = 2147483647;
			files = (
			);
			runOnlyForDeploymentPostprocessing = 0;
		};
		777F33F2279BBF2C00D5CF79 /* Resources */ = {
			isa = PBXResourcesBuildPhase;
			buildActionMask = 2147483647;
			files = (
			);
			runOnlyForDeploymentPostprocessing = 0;
		};
/* End PBXResourcesBuildPhase section */

/* Begin PBXShellScriptBuildPhase section */
		777F3440279BC82500D5CF79 /* ShellScript */ = {
			isa = PBXShellScriptBuildPhase;
			buildActionMask = 2147483647;
			files = (
			);
			inputFileListPaths = (
			);
			inputPaths = (
			);
			outputFileListPaths = (
			);
			outputPaths = (
			);
			runOnlyForDeploymentPostprocessing = 0;
			shellPath = /bin/sh;
			shellScript = "${BUILT_PRODUCTS_DIR}/${FRAMEWORKS_FOLDER_PATH}/ffmpegkit.framework/strip-frameworks.sh\n";
		};
		777F3483279BD55000D5CF79 /* ShellScript */ = {
			isa = PBXShellScriptBuildPhase;
			buildActionMask = 2147483647;
			files = (
			);
			inputFileListPaths = (
			);
			inputPaths = (
			);
			outputFileListPaths = (
			);
			outputPaths = (
			);
			runOnlyForDeploymentPostprocessing = 0;
			shellPath = /bin/sh;
			shellScript = "${BUILT_PRODUCTS_DIR}/${FRAMEWORKS_FOLDER_PATH}/ffmpegkit.framework/Resources/strip-frameworks.sh\n";
		};
/* End PBXShellScriptBuildPhase section */

/* Begin PBXSourcesBuildPhase section */
		777F33CB279BBF0A00D5CF79 /* Sources */ = {
			isa = PBXSourcesBuildPhase;
			buildActionMask = 2147483647;
			files = (
				777F343A279BC28100D5CF79 /* FFMpeg.swift in Sources */,
				777F3485279BD6B100D5CF79 /* FFProbe.swift in Sources */,
			);
			runOnlyForDeploymentPostprocessing = 0;
		};
		777F33D4279BBF0B00D5CF79 /* Sources */ = {
			isa = PBXSourcesBuildPhase;
			buildActionMask = 2147483647;
			files = (
				777F33DE279BBF0B00D5CF79 /* GDI_ffmpeg_iosTests.swift in Sources */,
			);
			runOnlyForDeploymentPostprocessing = 0;
		};
		777F33E7279BBF2C00D5CF79 /* Sources */ = {
			isa = PBXSourcesBuildPhase;
			buildActionMask = 2147483647;
			files = (
				777F343B279BC28100D5CF79 /* FFMpeg.swift in Sources */,
				777F3486279BD6B100D5CF79 /* FFProbe.swift in Sources */,
			);
			runOnlyForDeploymentPostprocessing = 0;
		};
		777F33F0279BBF2C00D5CF79 /* Sources */ = {
			isa = PBXSourcesBuildPhase;
			buildActionMask = 2147483647;
			files = (
				777F33FA279BBF2C00D5CF79 /* GDI_ffmpeg_macosTests.swift in Sources */,
			);
			runOnlyForDeploymentPostprocessing = 0;
		};
/* End PBXSourcesBuildPhase section */

/* Begin PBXTargetDependency section */
		777F33DB279BBF0B00D5CF79 /* PBXTargetDependency */ = {
			isa = PBXTargetDependency;
			target = 777F33CE279BBF0A00D5CF79 /* GDI-ffmpeg-ios */;
			targetProxy = 777F33DA279BBF0B00D5CF79 /* PBXContainerItemProxy */;
		};
		777F33F7279BBF2C00D5CF79 /* PBXTargetDependency */ = {
			isa = PBXTargetDependency;
			target = 777F33EA279BBF2C00D5CF79 /* GDI-ffmpeg-macos */;
			targetProxy = 777F33F6279BBF2C00D5CF79 /* PBXContainerItemProxy */;
		};
/* End PBXTargetDependency section */

/* Begin XCBuildConfiguration section */
		777F33C2279BBEDC00D5CF79 /* Debug */ = {
			isa = XCBuildConfiguration;
			buildSettings = {
				ALWAYS_SEARCH_USER_PATHS = NO;
				CLANG_ANALYZER_NONNULL = YES;
				CLANG_ANALYZER_NUMBER_OBJECT_CONVERSION = YES_AGGRESSIVE;
				CLANG_CXX_LANGUAGE_STANDARD = "gnu++17";
				CLANG_CXX_LIBRARY = "libc++";
				CLANG_ENABLE_MODULES = YES;
				CLANG_ENABLE_OBJC_ARC = YES;
				CLANG_ENABLE_OBJC_WEAK = YES;
				CLANG_WARN_BLOCK_CAPTURE_AUTORELEASING = YES;
				CLANG_WARN_BOOL_CONVERSION = YES;
				CLANG_WARN_COMMA = YES;
				CLANG_WARN_CONSTANT_CONVERSION = YES;
				CLANG_WARN_DEPRECATED_OBJC_IMPLEMENTATIONS = YES;
				CLANG_WARN_DIRECT_OBJC_ISA_USAGE = YES_ERROR;
				CLANG_WARN_DOCUMENTATION_COMMENTS = YES;
				CLANG_WARN_EMPTY_BODY = YES;
				CLANG_WARN_ENUM_CONVERSION = YES;
				CLANG_WARN_INFINITE_RECURSION = YES;
				CLANG_WARN_INT_CONVERSION = YES;
				CLANG_WARN_NON_LITERAL_NULL_CONVERSION = YES;
				CLANG_WARN_OBJC_IMPLICIT_RETAIN_SELF = YES;
				CLANG_WARN_OBJC_LITERAL_CONVERSION = YES;
				CLANG_WARN_OBJC_ROOT_CLASS = YES_ERROR;
				CLANG_WARN_QUOTED_INCLUDE_IN_FRAMEWORK_HEADER = YES;
				CLANG_WARN_RANGE_LOOP_ANALYSIS = YES;
				CLANG_WARN_STRICT_PROTOTYPES = YES;
				CLANG_WARN_SUSPICIOUS_MOVE = YES;
				CLANG_WARN_UNGUARDED_AVAILABILITY = YES_AGGRESSIVE;
				CLANG_WARN_UNREACHABLE_CODE = YES;
				CLANG_WARN__DUPLICATE_METHOD_MATCH = YES;
				COPY_PHASE_STRIP = NO;
				CURRENT_PROJECT_VERSION = 1;
				DEBUG_INFORMATION_FORMAT = dwarf;
				ENABLE_STRICT_OBJC_MSGSEND = YES;
				ENABLE_TESTABILITY = YES;
				GCC_C_LANGUAGE_STANDARD = gnu11;
				GCC_DYNAMIC_NO_PIC = NO;
				GCC_NO_COMMON_BLOCKS = YES;
				GCC_OPTIMIZATION_LEVEL = 0;
				GCC_PREPROCESSOR_DEFINITIONS = (
					"DEBUG=1",
					"$(inherited)",
				);
				GCC_WARN_64_TO_32_BIT_CONVERSION = YES;
				GCC_WARN_ABOUT_RETURN_TYPE = YES_ERROR;
				GCC_WARN_UNDECLARED_SELECTOR = YES;
				GCC_WARN_UNINITIALIZED_AUTOS = YES_AGGRESSIVE;
				GCC_WARN_UNUSED_FUNCTION = YES;
				GCC_WARN_UNUSED_VARIABLE = YES;
				IPHONEOS_DEPLOYMENT_TARGET = 13.5;
				MACOSX_DEPLOYMENT_TARGET = 10.15;
				MTL_ENABLE_DEBUG_INFO = INCLUDE_SOURCE;
				MTL_FAST_MATH = YES;
				ONLY_ACTIVE_ARCH = YES;
				SDKROOT = iphoneos;
				SWIFT_ACTIVE_COMPILATION_CONDITIONS = DEBUG;
				SWIFT_OPTIMIZATION_LEVEL = "-Onone";
				VERSIONING_SYSTEM = "apple-generic";
				VERSION_INFO_PREFIX = "";
			};
			name = Debug;
		};
		777F33C3279BBEDC00D5CF79 /* Release */ = {
			isa = XCBuildConfiguration;
			buildSettings = {
				ALWAYS_SEARCH_USER_PATHS = NO;
				CLANG_ANALYZER_NONNULL = YES;
				CLANG_ANALYZER_NUMBER_OBJECT_CONVERSION = YES_AGGRESSIVE;
				CLANG_CXX_LANGUAGE_STANDARD = "gnu++17";
				CLANG_CXX_LIBRARY = "libc++";
				CLANG_ENABLE_MODULES = YES;
				CLANG_ENABLE_OBJC_ARC = YES;
				CLANG_ENABLE_OBJC_WEAK = YES;
				CLANG_WARN_BLOCK_CAPTURE_AUTORELEASING = YES;
				CLANG_WARN_BOOL_CONVERSION = YES;
				CLANG_WARN_COMMA = YES;
				CLANG_WARN_CONSTANT_CONVERSION = YES;
				CLANG_WARN_DEPRECATED_OBJC_IMPLEMENTATIONS = YES;
				CLANG_WARN_DIRECT_OBJC_ISA_USAGE = YES_ERROR;
				CLANG_WARN_DOCUMENTATION_COMMENTS = YES;
				CLANG_WARN_EMPTY_BODY = YES;
				CLANG_WARN_ENUM_CONVERSION = YES;
				CLANG_WARN_INFINITE_RECURSION = YES;
				CLANG_WARN_INT_CONVERSION = YES;
				CLANG_WARN_NON_LITERAL_NULL_CONVERSION = YES;
				CLANG_WARN_OBJC_IMPLICIT_RETAIN_SELF = YES;
				CLANG_WARN_OBJC_LITERAL_CONVERSION = YES;
				CLANG_WARN_OBJC_ROOT_CLASS = YES_ERROR;
				CLANG_WARN_QUOTED_INCLUDE_IN_FRAMEWORK_HEADER = YES;
				CLANG_WARN_RANGE_LOOP_ANALYSIS = YES;
				CLANG_WARN_STRICT_PROTOTYPES = YES;
				CLANG_WARN_SUSPICIOUS_MOVE = YES;
				CLANG_WARN_UNGUARDED_AVAILABILITY = YES_AGGRESSIVE;
				CLANG_WARN_UNREACHABLE_CODE = YES;
				CLANG_WARN__DUPLICATE_METHOD_MATCH = YES;
				COPY_PHASE_STRIP = NO;
				CURRENT_PROJECT_VERSION = 1;
				DEBUG_INFORMATION_FORMAT = "dwarf-with-dsym";
				ENABLE_NS_ASSERTIONS = NO;
				ENABLE_STRICT_OBJC_MSGSEND = YES;
				GCC_C_LANGUAGE_STANDARD = gnu11;
				GCC_NO_COMMON_BLOCKS = YES;
				GCC_WARN_64_TO_32_BIT_CONVERSION = YES;
				GCC_WARN_ABOUT_RETURN_TYPE = YES_ERROR;
				GCC_WARN_UNDECLARED_SELECTOR = YES;
				GCC_WARN_UNINITIALIZED_AUTOS = YES_AGGRESSIVE;
				GCC_WARN_UNUSED_FUNCTION = YES;
				GCC_WARN_UNUSED_VARIABLE = YES;
				IPHONEOS_DEPLOYMENT_TARGET = 13.5;
				MACOSX_DEPLOYMENT_TARGET = 10.15;
				MTL_ENABLE_DEBUG_INFO = NO;
				MTL_FAST_MATH = YES;
				SDKROOT = iphoneos;
				SWIFT_COMPILATION_MODE = wholemodule;
				SWIFT_OPTIMIZATION_LEVEL = "-O";
				VALIDATE_PRODUCT = YES;
				VERSIONING_SYSTEM = "apple-generic";
				VERSION_INFO_PREFIX = "";
			};
			name = Release;
		};
		777F33E1279BBF0B00D5CF79 /* Debug */ = {
			isa = XCBuildConfiguration;
			buildSettings = {
				CODE_SIGN_STYLE = Automatic;
				CURRENT_PROJECT_VERSION = 1;
				DEFINES_MODULE = YES;
				DEVELOPMENT_TEAM = T5K6Y7WRJ4;
				DYLIB_COMPATIBILITY_VERSION = 1;
				DYLIB_CURRENT_VERSION = 1;
				DYLIB_INSTALL_NAME_BASE = "@rpath";
				FRAMEWORK_SEARCH_PATHS = (
					"$(inherited)",
					"$(PROJECT_DIR)/ffmpeg-kit/ios/**",
				);
				GENERATE_INFOPLIST_FILE = YES;
				INFOPLIST_KEY_NSHumanReadableCopyright = "";
				INSTALL_PATH = "$(LOCAL_LIBRARY_DIR)/Frameworks";
				LD_RUNPATH_SEARCH_PATHS = (
					"$(inherited)",
					"@executable_path/Frameworks",
					"@loader_path/Frameworks",
				);
				MARKETING_VERSION = 1.0;
				PRODUCT_BUNDLE_IDENTIFIER = "com.grantdavisinteractive.GDI-ffmpeg-ios";
				PRODUCT_NAME = "$(TARGET_NAME:c99extidentifier)";
				SKIP_INSTALL = YES;
				SUPPORTS_MACCATALYST = NO;
				SWIFT_EMIT_LOC_STRINGS = YES;
				SWIFT_VERSION = 5.0;
				TARGETED_DEVICE_FAMILY = "1,2";
			};
			name = Debug;
		};
		777F33E2279BBF0B00D5CF79 /* Release */ = {
			isa = XCBuildConfiguration;
			buildSettings = {
				CODE_SIGN_STYLE = Automatic;
				CURRENT_PROJECT_VERSION = 1;
				DEFINES_MODULE = YES;
				DEVELOPMENT_TEAM = T5K6Y7WRJ4;
				DYLIB_COMPATIBILITY_VERSION = 1;
				DYLIB_CURRENT_VERSION = 1;
				DYLIB_INSTALL_NAME_BASE = "@rpath";
				FRAMEWORK_SEARCH_PATHS = (
					"$(inherited)",
					"$(PROJECT_DIR)/ffmpeg-kit/ios/**",
				);
				GENERATE_INFOPLIST_FILE = YES;
				INFOPLIST_KEY_NSHumanReadableCopyright = "";
				INSTALL_PATH = "$(LOCAL_LIBRARY_DIR)/Frameworks";
				LD_RUNPATH_SEARCH_PATHS = (
					"$(inherited)",
					"@executable_path/Frameworks",
					"@loader_path/Frameworks",
				);
				MARKETING_VERSION = 1.0;
				PRODUCT_BUNDLE_IDENTIFIER = "com.grantdavisinteractive.GDI-ffmpeg-ios";
				PRODUCT_NAME = "$(TARGET_NAME:c99extidentifier)";
				SKIP_INSTALL = YES;
				SUPPORTS_MACCATALYST = NO;
				SWIFT_EMIT_LOC_STRINGS = YES;
				SWIFT_VERSION = 5.0;
				TARGETED_DEVICE_FAMILY = "1,2";
			};
			name = Release;
		};
		777F33E4279BBF0B00D5CF79 /* Debug */ = {
			isa = XCBuildConfiguration;
			buildSettings = {
				ALWAYS_EMBED_SWIFT_STANDARD_LIBRARIES = YES;
				CODE_SIGN_STYLE = Automatic;
				CURRENT_PROJECT_VERSION = 1;
				DEVELOPMENT_TEAM = T5K6Y7WRJ4;
				GENERATE_INFOPLIST_FILE = YES;
				MARKETING_VERSION = 1.0;
				PRODUCT_BUNDLE_IDENTIFIER = "com.grantdavisinteractive.GDI-ffmpeg-iosTests";
				PRODUCT_NAME = "$(TARGET_NAME)";
				SWIFT_EMIT_LOC_STRINGS = NO;
				SWIFT_VERSION = 5.0;
				TARGETED_DEVICE_FAMILY = "1,2";
			};
			name = Debug;
		};
		777F33E5279BBF0B00D5CF79 /* Release */ = {
			isa = XCBuildConfiguration;
			buildSettings = {
				ALWAYS_EMBED_SWIFT_STANDARD_LIBRARIES = YES;
				CODE_SIGN_STYLE = Automatic;
				CURRENT_PROJECT_VERSION = 1;
				DEVELOPMENT_TEAM = T5K6Y7WRJ4;
				GENERATE_INFOPLIST_FILE = YES;
				MARKETING_VERSION = 1.0;
				PRODUCT_BUNDLE_IDENTIFIER = "com.grantdavisinteractive.GDI-ffmpeg-iosTests";
				PRODUCT_NAME = "$(TARGET_NAME)";
				SWIFT_EMIT_LOC_STRINGS = NO;
				SWIFT_VERSION = 5.0;
				TARGETED_DEVICE_FAMILY = "1,2";
			};
			name = Release;
		};
		777F33FD279BBF2C00D5CF79 /* Debug */ = {
			isa = XCBuildConfiguration;
			buildSettings = {
				CODE_SIGN_STYLE = Automatic;
				COMBINE_HIDPI_IMAGES = YES;
				CURRENT_PROJECT_VERSION = 1;
				DEFINES_MODULE = YES;
				DEVELOPMENT_TEAM = T5K6Y7WRJ4;
				DYLIB_COMPATIBILITY_VERSION = 1;
				DYLIB_CURRENT_VERSION = 1;
				DYLIB_INSTALL_NAME_BASE = "@rpath";
				FRAMEWORK_SEARCH_PATHS = (
					"$(inherited)",
					"$(PROJECT_DIR)/ffmpeg-kit/macos/**",
				);
				GENERATE_INFOPLIST_FILE = YES;
				INFOPLIST_KEY_NSHumanReadableCopyright = "";
				INSTALL_PATH = "$(LOCAL_LIBRARY_DIR)/Frameworks";
				LD_RUNPATH_SEARCH_PATHS = (
					"$(inherited)",
					"@executable_path/../Frameworks",
					"@loader_path/Frameworks",
				);
				MACOSX_DEPLOYMENT_TARGET = 10.15;
				MARKETING_VERSION = 1.0;
				PRODUCT_BUNDLE_IDENTIFIER = "com.grantdavisinteractive.GDI-ffmpeg-macos";
				PRODUCT_NAME = "$(TARGET_NAME:c99extidentifier)";
				SDKROOT = macosx;
				SKIP_INSTALL = YES;
				SWIFT_EMIT_LOC_STRINGS = YES;
				SWIFT_VERSION = 5.0;
			};
			name = Debug;
		};
		777F33FE279BBF2C00D5CF79 /* Release */ = {
			isa = XCBuildConfiguration;
			buildSettings = {
				CODE_SIGN_STYLE = Automatic;
				COMBINE_HIDPI_IMAGES = YES;
				CURRENT_PROJECT_VERSION = 1;
				DEFINES_MODULE = YES;
				DEVELOPMENT_TEAM = T5K6Y7WRJ4;
				DYLIB_COMPATIBILITY_VERSION = 1;
				DYLIB_CURRENT_VERSION = 1;
				DYLIB_INSTALL_NAME_BASE = "@rpath";
				FRAMEWORK_SEARCH_PATHS = (
					"$(inherited)",
					"$(PROJECT_DIR)/ffmpeg-kit/macos/**",
				);
				GENERATE_INFOPLIST_FILE = YES;
				INFOPLIST_KEY_NSHumanReadableCopyright = "";
				INSTALL_PATH = "$(LOCAL_LIBRARY_DIR)/Frameworks";
				LD_RUNPATH_SEARCH_PATHS = (
					"$(inherited)",
					"@executable_path/../Frameworks",
					"@loader_path/Frameworks",
				);
				MACOSX_DEPLOYMENT_TARGET = 10.15;
				MARKETING_VERSION = 1.0;
				PRODUCT_BUNDLE_IDENTIFIER = "com.grantdavisinteractive.GDI-ffmpeg-macos";
				PRODUCT_NAME = "$(TARGET_NAME:c99extidentifier)";
				SDKROOT = macosx;
				SKIP_INSTALL = YES;
				SWIFT_EMIT_LOC_STRINGS = YES;
				SWIFT_VERSION = 5.0;
			};
			name = Release;
		};
		777F3400279BBF2C00D5CF79 /* Debug */ = {
			isa = XCBuildConfiguration;
			buildSettings = {
				ALWAYS_EMBED_SWIFT_STANDARD_LIBRARIES = YES;
				CODE_SIGN_STYLE = Automatic;
				CURRENT_PROJECT_VERSION = 1;
				DEVELOPMENT_TEAM = T5K6Y7WRJ4;
				GENERATE_INFOPLIST_FILE = YES;
				MACOSX_DEPLOYMENT_TARGET = 11.6;
				MARKETING_VERSION = 1.0;
				PRODUCT_BUNDLE_IDENTIFIER = "com.grantdavisinteractive.GDI-ffmpeg-macosTests";
				PRODUCT_NAME = "$(TARGET_NAME)";
				SDKROOT = macosx;
				SWIFT_EMIT_LOC_STRINGS = NO;
				SWIFT_VERSION = 5.0;
			};
			name = Debug;
		};
		777F3401279BBF2C00D5CF79 /* Release */ = {
			isa = XCBuildConfiguration;
			buildSettings = {
				ALWAYS_EMBED_SWIFT_STANDARD_LIBRARIES = YES;
				CODE_SIGN_STYLE = Automatic;
				CURRENT_PROJECT_VERSION = 1;
				DEVELOPMENT_TEAM = T5K6Y7WRJ4;
				GENERATE_INFOPLIST_FILE = YES;
				MACOSX_DEPLOYMENT_TARGET = 11.6;
				MARKETING_VERSION = 1.0;
				PRODUCT_BUNDLE_IDENTIFIER = "com.grantdavisinteractive.GDI-ffmpeg-macosTests";
				PRODUCT_NAME = "$(TARGET_NAME)";
				SDKROOT = macosx;
				SWIFT_EMIT_LOC_STRINGS = NO;
				SWIFT_VERSION = 5.0;
			};
			name = Release;
		};
/* End XCBuildConfiguration section */

/* Begin XCConfigurationList section */
		777F33AA279BBEDC00D5CF79 /* Build configuration list for PBXProject "GDI-ffmpeg" */ = {
			isa = XCConfigurationList;
			buildConfigurations = (
				777F33C2279BBEDC00D5CF79 /* Debug */,
				777F33C3279BBEDC00D5CF79 /* Release */,
			);
			defaultConfigurationIsVisible = 0;
			defaultConfigurationName = Release;
		};
		777F33E0279BBF0B00D5CF79 /* Build configuration list for PBXNativeTarget "GDI-ffmpeg-ios" */ = {
			isa = XCConfigurationList;
			buildConfigurations = (
				777F33E1279BBF0B00D5CF79 /* Debug */,
				777F33E2279BBF0B00D5CF79 /* Release */,
			);
			defaultConfigurationIsVisible = 0;
			defaultConfigurationName = Release;
		};
		777F33E3279BBF0B00D5CF79 /* Build configuration list for PBXNativeTarget "GDI-ffmpeg-iosTests" */ = {
			isa = XCConfigurationList;
			buildConfigurations = (
				777F33E4279BBF0B00D5CF79 /* Debug */,
				777F33E5279BBF0B00D5CF79 /* Release */,
			);
			defaultConfigurationIsVisible = 0;
			defaultConfigurationName = Release;
		};
		777F33FC279BBF2C00D5CF79 /* Build configuration list for PBXNativeTarget "GDI-ffmpeg-macos" */ = {
			isa = XCConfigurationList;
			buildConfigurations = (
				777F33FD279BBF2C00D5CF79 /* Debug */,
				777F33FE279BBF2C00D5CF79 /* Release */,
			);
			defaultConfigurationIsVisible = 0;
			defaultConfigurationName = Release;
		};
		777F33FF279BBF2C00D5CF79 /* Build configuration list for PBXNativeTarget "GDI-ffmpeg-macosTests" */ = {
			isa = XCConfigurationList;
			buildConfigurations = (
				777F3400279BBF2C00D5CF79 /* Debug */,
				777F3401279BBF2C00D5CF79 /* Release */,
			);
			defaultConfigurationIsVisible = 0;
			defaultConfigurationName = Release;
		};
/* End XCConfigurationList section */
	};
	rootObject = 777F33A7279BBEDC00D5CF79 /* Project object */;
}
